
Microsoft Visual Studio Solution File, Format Version 12.00
# Visual Studio Version 17
VisualStudioVersion = 17.4.33103.184
MinimumVisualStudioVersion = 10.0.40219.1
Project("{FAE04EC0-301F-11D3-BF4B-00C04F79EFBC}") = "user-crud-api", "user-crud-api\user-crud-api.csproj", "{D4886B33-4F1D-4C38-A1CC-2FFBE4E17FBA}"
EndProject
Global
	GlobalSection(SolutionConfigurationPlatforms) = preSolution
		Debug|Any CPU = Debug|Any CPU
		Release|Any CPU = Release|Any CPU
	EndGlobalSection
	GlobalSection(ProjectConfigurationPlatforms) = postSolution
		{D4886B33-4F1D-4C38-A1CC-2FFBE4E17FBA}.Debug|Any CPU.ActiveCfg = Debug|Any CPU
		{D4886B33-4F1D-4C38-A1CC-2FFBE4E17FBA}.Debug|Any CPU.Build.0 = Debug|Any CPU
		{D4886B33-4F1D-4C38-A1CC-2FFBE4E17FBA}.Release|Any CPU.ActiveCfg = Release|Any CPU
		{D4886B33-4F1D-4C38-A1CC-2FFBE4E17FBA}.Release|Any CPU.Build.0 = Release|Any CPU
	EndGlobalSection
	GlobalSection(SolutionProperties) = preSolution
		HideSolutionNode = FALSE
	EndGlobalSection
	GlobalSection(ExtensibilityGlobals) = postSolution
		SolutionGuid = {D38D8EC9-89B1-4447-9D09-D62A9FFA42B3}
	EndGlobalSection
EndGlobal
